
Microsoft Visual Studio Solution File, Format Version 12.00
# Visual Studio 15
VisualStudioVersion = 15.0.26124.0
MinimumVisualStudioVersion = 15.0.26124.0
Project("{FAE04EC0-301F-11D3-BF4B-00C04F79EFBC}") = "ChargeIo", "ChargeIo\ChargeIo.csproj", "{6CE4D066-49C2-4DE8-8BC8-5694303D5626}"
EndProject
Project("{FAE04EC0-301F-11D3-BF4B-00C04F79EFBC}") = "Sample", "Sample\Sample.csproj", "{3C329197-E80E-4FBD-B411-38517A318ABF}"
EndProject
Project("{FAE04EC0-301F-11D3-BF4B-00C04F79EFBC}") = "ChargeIo.Tests", "ChargeIo.Tests\ChargeIo.Tests.csproj", "{494047D2-C3C3-4E21-850D-E81EA8D4382B}"
EndProject
Global
	GlobalSection(SolutionConfigurationPlatforms) = preSolution
		Debug|Any CPU = Debug|Any CPU
		Debug|x64 = Debug|x64
		Debug|x86 = Debug|x86
		Release|Any CPU = Release|Any CPU
		Release|x64 = Release|x64
		Release|x86 = Release|x86
	EndGlobalSection
	GlobalSection(SolutionProperties) = preSolution
		HideSolutionNode = FALSE
	EndGlobalSection
	GlobalSection(ProjectConfigurationPlatforms) = postSolution
		{6CE4D066-49C2-4DE8-8BC8-5694303D5626}.Debug|Any CPU.ActiveCfg = Debug|Any CPU
		{6CE4D066-49C2-4DE8-8BC8-5694303D5626}.Debug|Any CPU.Build.0 = Debug|Any CPU
		{6CE4D066-49C2-4DE8-8BC8-5694303D5626}.Debug|x64.ActiveCfg = Debug|x64
		{6CE4D066-49C2-4DE8-8BC8-5694303D5626}.Debug|x64.Build.0 = Debug|x64
		{6CE4D066-49C2-4DE8-8BC8-5694303D5626}.Debug|x86.ActiveCfg = Debug|x86
		{6CE4D066-49C2-4DE8-8BC8-5694303D5626}.Debug|x86.Build.0 = Debug|x86
		{6CE4D066-49C2-4DE8-8BC8-5694303D5626}.Release|Any CPU.ActiveCfg = Release|Any CPU
		{6CE4D066-49C2-4DE8-8BC8-5694303D5626}.Release|Any CPU.Build.0 = Release|Any CPU
		{6CE4D066-49C2-4DE8-8BC8-5694303D5626}.Release|x64.ActiveCfg = Release|x64
		{6CE4D066-49C2-4DE8-8BC8-5694303D5626}.Release|x64.Build.0 = Release|x64
		{6CE4D066-49C2-4DE8-8BC8-5694303D5626}.Release|x86.ActiveCfg = Release|x86
		{6CE4D066-49C2-4DE8-8BC8-5694303D5626}.Release|x86.Build.0 = Release|x86
		{3C329197-E80E-4FBD-B411-38517A318ABF}.Debug|Any CPU.ActiveCfg = Debug|Any CPU
		{3C329197-E80E-4FBD-B411-38517A318ABF}.Debug|Any CPU.Build.0 = Debug|Any CPU
		{3C329197-E80E-4FBD-B411-38517A318ABF}.Debug|x64.ActiveCfg = Debug|x64
		{3C329197-E80E-4FBD-B411-38517A318ABF}.Debug|x64.Build.0 = Debug|x64
		{3C329197-E80E-4FBD-B411-38517A318ABF}.Debug|x86.ActiveCfg = Debug|x86
		{3C329197-E80E-4FBD-B411-38517A318ABF}.Debug|x86.Build.0 = Debug|x86
		{3C329197-E80E-4FBD-B411-38517A318ABF}.Release|Any CPU.ActiveCfg = Release|Any CPU
		{3C329197-E80E-4FBD-B411-38517A318ABF}.Release|Any CPU.Build.0 = Release|Any CPU
		{3C329197-E80E-4FBD-B411-38517A318ABF}.Release|x64.ActiveCfg = Release|x64
		{3C329197-E80E-4FBD-B411-38517A318ABF}.Release|x64.Build.0 = Release|x64
		{3C329197-E80E-4FBD-B411-38517A318ABF}.Release|x86.ActiveCfg = Release|x86
		{3C329197-E80E-4FBD-B411-38517A318ABF}.Release|x86.Build.0 = Release|x86
		{494047D2-C3C3-4E21-850D-E81EA8D4382B}.Debug|Any CPU.ActiveCfg = Debug|Any CPU
		{494047D2-C3C3-4E21-850D-E81EA8D4382B}.Debug|Any CPU.Build.0 = Debug|Any CPU
		{494047D2-C3C3-4E21-850D-E81EA8D4382B}.Debug|x64.ActiveCfg = Debug|x64
		{494047D2-C3C3-4E21-850D-E81EA8D4382B}.Debug|x64.Build.0 = Debug|x64
		{494047D2-C3C3-4E21-850D-E81EA8D4382B}.Debug|x86.ActiveCfg = Debug|x86
		{494047D2-C3C3-4E21-850D-E81EA8D4382B}.Debug|x86.Build.0 = Debug|x86
		{494047D2-C3C3-4E21-850D-E81EA8D4382B}.Release|Any CPU.ActiveCfg = Release|Any CPU
		{494047D2-C3C3-4E21-850D-E81EA8D4382B}.Release|Any CPU.Build.0 = Release|Any CPU
		{494047D2-C3C3-4E21-850D-E81EA8D4382B}.Release|x64.ActiveCfg = Release|x64
		{494047D2-C3C3-4E21-850D-E81EA8D4382B}.Release|x64.Build.0 = Release|x64
		{494047D2-C3C3-4E21-850D-E81EA8D4382B}.Release|x86.ActiveCfg = Release|x86
		{494047D2-C3C3-4E21-850D-E81EA8D4382B}.Release|x86.Build.0 = Release|x86
		{C195082A-9B3E-41AC-9849-2AD3C7DFA37B}.Debug|Any CPU.ActiveCfg = Debug|Any CPU
		{C195082A-9B3E-41AC-9849-2AD3C7DFA37B}.Debug|Any CPU.Build.0 = Debug|Any CPU
		{C195082A-9B3E-41AC-9849-2AD3C7DFA37B}.Debug|x64.ActiveCfg = Debug|Any CPU
		{C195082A-9B3E-41AC-9849-2AD3C7DFA37B}.Debug|x64.Build.0 = Debug|Any CPU
		{C195082A-9B3E-41AC-9849-2AD3C7DFA37B}.Debug|x86.ActiveCfg = Debug|Any CPU
		{C195082A-9B3E-41AC-9849-2AD3C7DFA37B}.Debug|x86.Build.0 = Debug|Any CPU
		{C195082A-9B3E-41AC-9849-2AD3C7DFA37B}.Release|Any CPU.ActiveCfg = Release|Any CPU
		{C195082A-9B3E-41AC-9849-2AD3C7DFA37B}.Release|Any CPU.Build.0 = Release|Any CPU
		{C195082A-9B3E-41AC-9849-2AD3C7DFA37B}.Release|x64.ActiveCfg = Release|Any CPU
		{C195082A-9B3E-41AC-9849-2AD3C7DFA37B}.Release|x64.Build.0 = Release|Any CPU
		{C195082A-9B3E-41AC-9849-2AD3C7DFA37B}.Release|x86.ActiveCfg = Release|Any CPU
		{C195082A-9B3E-41AC-9849-2AD3C7DFA37B}.Release|x86.Build.0 = Release|Any CPU
	EndGlobalSection
EndGlobal
